
Microsoft Visual Studio Solution File, Format Version 12.00
# Visual Studio 14
VisualStudioVersion = 14.0.24720.0
MinimumVisualStudioVersion = 10.0.40219.1
Project("{FAE04EC0-301F-11D3-BF4B-00C04F79EFBC}") = "Gui.App", "Gui.App\Gui.App.csproj", "{778DA9AF-D5C7-4A52-A98D-1A96F96113E7}"
EndProject
Project("{FAE04EC0-301F-11D3-BF4B-00C04F79EFBC}") = "LibSumo.Net", "LibSumo.Net\LibSumo.Net.csproj", "{28AFC763-1D40-48B3-B956-06FB9EAD3A4E}"
EndProject
Global
	GlobalSection(SolutionConfigurationPlatforms) = preSolution
		Debug|Any CPU = Debug|Any CPU
		Release|Any CPU = Release|Any CPU
	EndGlobalSection
	GlobalSection(ProjectConfigurationPlatforms) = postSolution
		{778DA9AF-D5C7-4A52-A98D-1A96F96113E7}.Debug|Any CPU.ActiveCfg = Debug|Any CPU
		{778DA9AF-D5C7-4A52-A98D-1A96F96113E7}.Debug|Any CPU.Build.0 = Debug|Any CPU
		{778DA9AF-D5C7-4A52-A98D-1A96F96113E7}.Release|Any CPU.ActiveCfg = Release|Any CPU
		{778DA9AF-D5C7-4A52-A98D-1A96F96113E7}.Release|Any CPU.Build.0 = Release|Any CPU
		{28AFC763-1D40-48B3-B956-06FB9EAD3A4E}.Debug|Any CPU.ActiveCfg = Debug|Any CPU
		{28AFC763-1D40-48B3-B956-06FB9EAD3A4E}.Debug|Any CPU.Build.0 = Debug|Any CPU
		{28AFC763-1D40-48B3-B956-06FB9EAD3A4E}.Release|Any CPU.ActiveCfg = Release|Any CPU
		{28AFC763-1D40-48B3-B956-06FB9EAD3A4E}.Release|Any CPU.Build.0 = Release|Any CPU
	EndGlobalSection
	GlobalSection(SolutionProperties) = preSolution
		HideSolutionNode = FALSE
	EndGlobalSection
EndGlobal
