
Microsoft Visual Studio Solution File, Format Version 12.00
# Visual Studio 15
VisualStudioVersion = 15.0.27130.2024
MinimumVisualStudioVersion = 10.0.40219.1
Project("{9A19103F-16F7-4668-BE54-9A1E7A4F7556}") = "LibSumo.Net", "LibSumo.Net\LibSumo.Net.csproj", "{E238547C-D7A4-45BE-B500-1DE101E4FBA3}"
EndProject
Project("{FAE04EC0-301F-11D3-BF4B-00C04F79EFBC}") = "SumoApplication", "SumoApplication\SumoApplication.csproj", "{26D00331-C66A-4696-99C2-AD9288A05FCC}"
EndProject
Project("{FAE04EC0-301F-11D3-BF4B-00C04F79EFBC}") = "ARSdk3To.Net ConvertTools", "ARSdk3To.Net Helpers\ARSdk3To.Net ConvertTools.csproj", "{0BB8B232-021F-47DF-AA85-68829CDDE86E}"
EndProject
Global
	GlobalSection(SolutionConfigurationPlatforms) = preSolution
		Debug|Any CPU = Debug|Any CPU
		Release|Any CPU = Release|Any CPU
	EndGlobalSection
	GlobalSection(ProjectConfigurationPlatforms) = postSolution
		{E238547C-D7A4-45BE-B500-1DE101E4FBA3}.Debug|Any CPU.ActiveCfg = Debug|Any CPU
		{E238547C-D7A4-45BE-B500-1DE101E4FBA3}.Debug|Any CPU.Build.0 = Debug|Any CPU
		{E238547C-D7A4-45BE-B500-1DE101E4FBA3}.Release|Any CPU.ActiveCfg = Release|Any CPU
		{E238547C-D7A4-45BE-B500-1DE101E4FBA3}.Release|Any CPU.Build.0 = Release|Any CPU
		{26D00331-C66A-4696-99C2-AD9288A05FCC}.Debug|Any CPU.ActiveCfg = Debug|Any CPU
		{26D00331-C66A-4696-99C2-AD9288A05FCC}.Debug|Any CPU.Build.0 = Debug|Any CPU
		{26D00331-C66A-4696-99C2-AD9288A05FCC}.Release|Any CPU.ActiveCfg = Release|Any CPU
		{26D00331-C66A-4696-99C2-AD9288A05FCC}.Release|Any CPU.Build.0 = Release|Any CPU
		{0BB8B232-021F-47DF-AA85-68829CDDE86E}.Debug|Any CPU.ActiveCfg = Debug|Any CPU
		{0BB8B232-021F-47DF-AA85-68829CDDE86E}.Debug|Any CPU.Build.0 = Debug|Any CPU
		{0BB8B232-021F-47DF-AA85-68829CDDE86E}.Release|Any CPU.ActiveCfg = Release|Any CPU
		{0BB8B232-021F-47DF-AA85-68829CDDE86E}.Release|Any CPU.Build.0 = Release|Any CPU
	EndGlobalSection
	GlobalSection(SolutionProperties) = preSolution
		HideSolutionNode = FALSE
	EndGlobalSection
	GlobalSection(ExtensibilityGlobals) = postSolution
		SolutionGuid = {93F1982A-7F9E-4FDF-B227-1CB044DCB411}
	EndGlobalSection
EndGlobal
